
Microsoft Visual Studio Solution File, Format Version 12.00
# Visual Studio Version 16
VisualStudioVersion = 16.0.30907.101
MinimumVisualStudioVersion = 10.0.40219.1
Project("{FAE04EC0-301F-11D3-BF4B-00C04F79EFBC}") = "AuthSystem", "AuthSystem\AuthSystem.csproj", "{CF843DF3-5DDC-4B06-BD04-6CD1319B2F7B}"
EndProject
Global
	GlobalSection(SolutionConfigurationPlatforms) = preSolution
		Debug|Any CPU = Debug|Any CPU
		Release|Any CPU = Release|Any CPU
	EndGlobalSection
	GlobalSection(ProjectConfigurationPlatforms) = postSolution
		{CF843DF3-5DDC-4B06-BD04-6CD1319B2F7B}.Debug|Any CPU.ActiveCfg = Debug|Any CPU
		{CF843DF3-5DDC-4B06-BD04-6CD1319B2F7B}.Debug|Any CPU.Build.0 = Debug|Any CPU
		{CF843DF3-5DDC-4B06-BD04-6CD1319B2F7B}.Release|Any CPU.ActiveCfg = Release|Any CPU
		{CF843DF3-5DDC-4B06-BD04-6CD1319B2F7B}.Release|Any CPU.Build.0 = Release|Any CPU
	EndGlobalSection
	GlobalSection(SolutionProperties) = preSolution
		HideSolutionNode = FALSE
	EndGlobalSection
	GlobalSection(ExtensibilityGlobals) = postSolution
		SolutionGuid = {E97C23DB-93CD-44E1-A294-7D5474871F30}
	EndGlobalSection
EndGlobal
